// !$*UTF8*$!
{
	archiveVersion = 1;
	classes = {
	};
	objectVersion = 55;
	objects = {

/* Begin PBXBuildFile section */
		A41A660D29E25E890074A39B /* xqueue.framework in Frameworks */ = {isa = PBXBuildFile; fileRef = A41A660429E25E880074A39B /* xqueue.framework */; };
		A41A661229E25E890074A39B /* xqueueTests.swift in Sources */ = {isa = PBXBuildFile; fileRef = A41A661129E25E890074A39B /* xqueueTests.swift */; };
		A41A661329E25E890074A39B /* xqueue.h in Headers */ = {isa = PBXBuildFile; fileRef = A41A660729E25E880074A39B /* xqueue.h */; settings = {ATTRIBUTES = (Public, ); }; };
		A41A661D29E25F140074A39B /* channel.swift in Sources */ = {isa = PBXBuildFile; fileRef = A41A661C29E25F140074A39B /* channel.swift */; };
		A41A661F29E2AD6C0074A39B /* queue.swift in Sources */ = {isa = PBXBuildFile; fileRef = A41A661E29E2AD6C0074A39B /* queue.swift */; };
		A41A662129E2BE890074A39B /* select.swift in Sources */ = {isa = PBXBuildFile; fileRef = A41A662029E2BE890074A39B /* select.swift */; };
/* End PBXBuildFile section */

/* Begin PBXContainerItemProxy section */
		A41A660E29E25E890074A39B /* PBXContainerItemProxy */ = {
			isa = PBXContainerItemProxy;
			containerPortal = A41A65FB29E25E880074A39B /* Project object */;
			proxyType = 1;
			remoteGlobalIDString = A41A660329E25E880074A39B;
			remoteInfo = xqueue;
		};
/* End PBXContainerItemProxy section */

/* Begin PBXFileReference section */
		A41A660429E25E880074A39B /* xqueue.framework */ = {isa = PBXFileReference; explicitFileType = wrapper.framework; includeInIndex = 0; path = xqueue.framework; sourceTree = BUILT_PRODUCTS_DIR; };
		A41A660729E25E880074A39B /* xqueue.h */ = {isa = PBXFileReference; lastKnownFileType = sourcecode.c.h; path = xqueue.h; sourceTree = "<group>"; };
		A41A660C29E25E890074A39B /* xqueueTests.xctest */ = {isa = PBXFileReference; explicitFileType = wrapper.cfbundle; includeInIndex = 0; path = xqueueTests.xctest; sourceTree = BUILT_PRODUCTS_DIR; };
		A41A661129E25E890074A39B /* xqueueTests.swift */ = {isa = PBXFileReference; lastKnownFileType = sourcecode.swift; path = xqueueTests.swift; sourceTree = "<group>"; };
		A41A661C29E25F140074A39B /* channel.swift */ = {isa = PBXFileReference; lastKnownFileType = sourcecode.swift; path = channel.swift; sourceTree = "<group>"; };
		A41A661E29E2AD6C0074A39B /* queue.swift */ = {isa = PBXFileReference; lastKnownFileType = sourcecode.swift; path = queue.swift; sourceTree = "<group>"; };
		A41A662029E2BE890074A39B /* select.swift */ = {isa = PBXFileReference; lastKnownFileType = sourcecode.swift; path = select.swift; sourceTree = "<group>"; };
/* End PBXFileReference section */

/* Begin PBXFrameworksBuildPhase section */
		A41A660129E25E880074A39B /* Frameworks */ = {
			isa = PBXFrameworksBuildPhase;
			buildActionMask = 2147483647;
			files = (
			);
			runOnlyForDeploymentPostprocessing = 0;
		};
		A41A660929E25E890074A39B /* Frameworks */ = {
			isa = PBXFrameworksBuildPhase;
			buildActionMask = 2147483647;
			files = (
				A41A660D29E25E890074A39B /* xqueue.framework in Frameworks */,
			);
			runOnlyForDeploymentPostprocessing = 0;
		};
/* End PBXFrameworksBuildPhase section */

/* Begin PBXGroup section */
		A41A65FA29E25E880074A39B = {
			isa = PBXGroup;
			children = (
				A41A660629E25E880074A39B /* xqueue */,
				A41A661029E25E890074A39B /* xqueueTests */,
				A41A660529E25E880074A39B /* Products */,
			);
			sourceTree = "<group>";
		};
		A41A660529E25E880074A39B /* Products */ = {
			isa = PBXGroup;
			children = (
				A41A660429E25E880074A39B /* xqueue.framework */,
				A41A660C29E25E890074A39B /* xqueueTests.xctest */,
			);
			name = Products;
			sourceTree = "<group>";
		};
		A41A660629E25E880074A39B /* xqueue */ = {
			isa = PBXGroup;
			children = (
				A41A660729E25E880074A39B /* xqueue.h */,
				A41A661C29E25F140074A39B /* channel.swift */,
				A41A661E29E2AD6C0074A39B /* queue.swift */,
				A41A662029E2BE890074A39B /* select.swift */,
			);
			path = xqueue;
			sourceTree = "<group>";
		};
		A41A661029E25E890074A39B /* xqueueTests */ = {
			isa = PBXGroup;
			children = (
				A41A661129E25E890074A39B /* xqueueTests.swift */,
			);
			path = xqueueTests;
			sourceTree = "<group>";
		};
/* End PBXGroup section */

/* Begin PBXHeadersBuildPhase section */
		A41A65FF29E25E880074A39B /* Headers */ = {
			isa = PBXHeadersBuildPhase;
			buildActionMask = 2147483647;
			files = (
				A41A661329E25E890074A39B /* xqueue.h in Headers */,
			);
			runOnlyForDeploymentPostprocessing = 0;
		};
/* End PBXHeadersBuildPhase section */

/* Begin PBXNativeTarget section */
		A41A660329E25E880074A39B /* xqueue */ = {
			isa = PBXNativeTarget;
			buildConfigurationList = A41A661629E25E890074A39B /* Build configuration list for PBXNativeTarget "xqueue" */;
			buildPhases = (
				A41A65FF29E25E880074A39B /* Headers */,
				A41A660029E25E880074A39B /* Sources */,
				A41A660129E25E880074A39B /* Frameworks */,
				A41A660229E25E880074A39B /* Resources */,
			);
			buildRules = (
			);
			dependencies = (
			);
			name = xqueue;
			productName = xqueue;
			productReference = A41A660429E25E880074A39B /* xqueue.framework */;
			productType = "com.apple.product-type.framework";
		};
		A41A660B29E25E890074A39B /* xqueueTests */ = {
			isa = PBXNativeTarget;
			buildConfigurationList = A41A661929E25E890074A39B /* Build configuration list for PBXNativeTarget "xqueueTests" */;
			buildPhases = (
				A41A660829E25E890074A39B /* Sources */,
				A41A660929E25E890074A39B /* Frameworks */,
				A41A660A29E25E890074A39B /* Resources */,
			);
			buildRules = (
			);
			dependencies = (
				A41A660F29E25E890074A39B /* PBXTargetDependency */,
			);
			name = xqueueTests;
			productName = xqueueTests;
			productReference = A41A660C29E25E890074A39B /* xqueueTests.xctest */;
			productType = "com.apple.product-type.bundle.unit-test";
		};
/* End PBXNativeTarget section */

/* Begin PBXProject section */
		A41A65FB29E25E880074A39B /* Project object */ = {
			isa = PBXProject;
			attributes = {
				BuildIndependentTargetsInParallel = 1;
				LastSwiftUpdateCheck = 1340;
				LastUpgradeCheck = 1340;
				TargetAttributes = {
					A41A660329E25E880074A39B = {
						CreatedOnToolsVersion = 13.4.1;
						LastSwiftMigration = 1340;
					};
					A41A660B29E25E890074A39B = {
						CreatedOnToolsVersion = 13.4.1;
					};
				};
			};
			buildConfigurationList = A41A65FE29E25E880074A39B /* Build configuration list for PBXProject "xqueue" */;
			compatibilityVersion = "Xcode 13.0";
			developmentRegion = en;
			hasScannedForEncodings = 0;
			knownRegions = (
				en,
				Base,
			);
			mainGroup = A41A65FA29E25E880074A39B;
			productRefGroup = A41A660529E25E880074A39B /* Products */;
			projectDirPath = "";
			projectRoot = "";
			targets = (
				A41A660329E25E880074A39B /* xqueue */,
				A41A660B29E25E890074A39B /* xqueueTests */,
			);
		};
/* End PBXProject section */

/* Begin PBXResourcesBuildPhase section */
		A41A660229E25E880074A39B /* Resources */ = {
			isa = PBXResourcesBuildPhase;
			buildActionMask = 2147483647;
			files = (
			);
			runOnlyForDeploymentPostprocessing = 0;
		};
		A41A660A29E25E890074A39B /* Resources */ = {
			isa = PBXResourcesBuildPhase;
			buildActionMask = 2147483647;
			files = (
			);
			runOnlyForDeploymentPostprocessing = 0;
		};
/* End PBXResourcesBuildPhase section */

/* Begin PBXSourcesBuildPhase section */
		A41A660029E25E880074A39B /* Sources */ = {
			isa = PBXSourcesBuildPhase;
			buildActionMask = 2147483647;
			files = (
				A41A661D29E25F140074A39B /* channel.swift in Sources */,
				A41A661F29E2AD6C0074A39B /* queue.swift in Sources */,
				A41A662129E2BE890074A39B /* select.swift in Sources */,
			);
			runOnlyForDeploymentPostprocessing = 0;
		};
		A41A660829E25E890074A39B /* Sources */ = {
			isa = PBXSourcesBuildPhase;
			buildActionMask = 2147483647;
			files = (
				A41A661229E25E890074A39B /* xqueueTests.swift in Sources */,
			);
			runOnlyForDeploymentPostprocessing = 0;
		};
/* End PBXSourcesBuildPhase section */

/* Begin PBXTargetDependency section */
		A41A660F29E25E890074A39B /* PBXTargetDependency */ = {
			isa = PBXTargetDependency;
			target = A41A660329E25E880074A39B /* xqueue */;
			targetProxy = A41A660E29E25E890074A39B /* PBXContainerItemProxy */;
		};
/* End PBXTargetDependency section */

/* Begin XCBuildConfiguration section */
		A41A661429E25E890074A39B /* Debug */ = {
			isa = XCBuildConfiguration;
			buildSettings = {
				ALWAYS_SEARCH_USER_PATHS = NO;
				CLANG_ANALYZER_NONNULL = YES;
				CLANG_ANALYZER_NUMBER_OBJECT_CONVERSION = YES_AGGRESSIVE;
				CLANG_CXX_LANGUAGE_STANDARD = "gnu++17";
				CLANG_ENABLE_MODULES = YES;
				CLANG_ENABLE_OBJC_ARC = YES;
				CLANG_ENABLE_OBJC_WEAK = YES;
				CLANG_WARN_BLOCK_CAPTURE_AUTORELEASING = YES;
				CLANG_WARN_BOOL_CONVERSION = YES;
				CLANG_WARN_COMMA = YES;
				CLANG_WARN_CONSTANT_CONVERSION = YES;
				CLANG_WARN_DEPRECATED_OBJC_IMPLEMENTATIONS = YES;
				CLANG_WARN_DIRECT_OBJC_ISA_USAGE = YES_ERROR;
				CLANG_WARN_DOCUMENTATION_COMMENTS = YES;
				CLANG_WARN_EMPTY_BODY = YES;
				CLANG_WARN_ENUM_CONVERSION = YES;
				CLANG_WARN_INFINITE_RECURSION = YES;
				CLANG_WARN_INT_CONVERSION = YES;
				CLANG_WARN_NON_LITERAL_NULL_CONVERSION = YES;
				CLANG_WARN_OBJC_IMPLICIT_RETAIN_SELF = YES;
				CLANG_WARN_OBJC_LITERAL_CONVERSION = YES;
				CLANG_WARN_OBJC_ROOT_CLASS = YES_ERROR;
				CLANG_WARN_QUOTED_INCLUDE_IN_FRAMEWORK_HEADER = YES;
				CLANG_WARN_RANGE_LOOP_ANALYSIS = YES;
				CLANG_WARN_STRICT_PROTOTYPES = YES;
				CLANG_WARN_SUSPICIOUS_MOVE = YES;
				CLANG_WARN_UNGUARDED_AVAILABILITY = YES_AGGRESSIVE;
				CLANG_WARN_UNREACHABLE_CODE = YES;
				CLANG_WARN__DUPLICATE_METHOD_MATCH = YES;
				COPY_PHASE_STRIP = NO;
				CURRENT_PROJECT_VERSION = 1;
				DEBUG_INFORMATION_FORMAT = dwarf;
				ENABLE_STRICT_OBJC_MSGSEND = YES;
				ENABLE_TESTABILITY = YES;
				GCC_C_LANGUAGE_STANDARD = gnu11;
				GCC_DYNAMIC_NO_PIC = NO;
				GCC_NO_COMMON_BLOCKS = YES;
				GCC_OPTIMIZATION_LEVEL = 0;
				GCC_PREPROCESSOR_DEFINITIONS = (
					"DEBUG=1",
					"$(inherited)",
				);
				GCC_WARN_64_TO_32_BIT_CONVERSION = YES;
				GCC_WARN_ABOUT_RETURN_TYPE = YES_ERROR;
				GCC_WARN_UNDECLARED_SELECTOR = YES;
				GCC_WARN_UNINITIALIZED_AUTOS = YES_AGGRESSIVE;
				GCC_WARN_UNUSED_FUNCTION = YES;
				GCC_WARN_UNUSED_VARIABLE = YES;
				IPHONEOS_DEPLOYMENT_TARGET = 13.0;
				MTL_ENABLE_DEBUG_INFO = INCLUDE_SOURCE;
				MTL_FAST_MATH = YES;
				ONLY_ACTIVE_ARCH = YES;
				SDKROOT = iphoneos;
				SWIFT_ACTIVE_COMPILATION_CONDITIONS = DEBUG;
				SWIFT_OPTIMIZATION_LEVEL = "-Onone";
				VERSIONING_SYSTEM = "apple-generic";
				VERSION_INFO_PREFIX = "";
			};
			name = Debug;
		};
		A41A661529E25E890074A39B /* Release */ = {
			isa = XCBuildConfiguration;
			buildSettings = {
				ALWAYS_SEARCH_USER_PATHS = NO;
				CLANG_ANALYZER_NONNULL = YES;
				CLANG_ANALYZER_NUMBER_OBJECT_CONVERSION = YES_AGGRESSIVE;
				CLANG_CXX_LANGUAGE_STANDARD = "gnu++17";
				CLANG_ENABLE_MODULES = YES;
				CLANG_ENABLE_OBJC_ARC = YES;
				CLANG_ENABLE_OBJC_WEAK = YES;
				CLANG_WARN_BLOCK_CAPTURE_AUTORELEASING = YES;
				CLANG_WARN_BOOL_CONVERSION = YES;
				CLANG_WARN_COMMA = YES;
				CLANG_WARN_CONSTANT_CONVERSION = YES;
				CLANG_WARN_DEPRECATED_OBJC_IMPLEMENTATIONS = YES;
				CLANG_WARN_DIRECT_OBJC_ISA_USAGE = YES_ERROR;
				CLANG_WARN_DOCUMENTATION_COMMENTS = YES;
				CLANG_WARN_EMPTY_BODY = YES;
				CLANG_WARN_ENUM_CONVERSION = YES;
				CLANG_WARN_INFINITE_RECURSION = YES;
				CLANG_WARN_INT_CONVERSION = YES;
				CLANG_WARN_NON_LITERAL_NULL_CONVERSION = YES;
				CLANG_WARN_OBJC_IMPLICIT_RETAIN_SELF = YES;
				CLANG_WARN_OBJC_LITERAL_CONVERSION = YES;
				CLANG_WARN_OBJC_ROOT_CLASS = YES_ERROR;
				CLANG_WARN_QUOTED_INCLUDE_IN_FRAMEWORK_HEADER = YES;
				CLANG_WARN_RANGE_LOOP_ANALYSIS = YES;
				CLANG_WARN_STRICT_PROTOTYPES = YES;
				CLANG_WARN_SUSPICIOUS_MOVE = YES;
				CLANG_WARN_UNGUARDED_AVAILABILITY = YES_AGGRESSIVE;
				CLANG_WARN_UNREACHABLE_CODE = YES;
				CLANG_WARN__DUPLICATE_METHOD_MATCH = YES;
				COPY_PHASE_STRIP = NO;
				CURRENT_PROJECT_VERSION = 1;
				DEBUG_INFORMATION_FORMAT = "dwarf-with-dsym";
				ENABLE_NS_ASSERTIONS = NO;
				ENABLE_STRICT_OBJC_MSGSEND = YES;
				GCC_C_LANGUAGE_STANDARD = gnu11;
				GCC_NO_COMMON_BLOCKS = YES;
				GCC_WARN_64_TO_32_BIT_CONVERSION = YES;
				GCC_WARN_ABOUT_RETURN_TYPE = YES_ERROR;
				GCC_WARN_UNDECLARED_SELECTOR = YES;
				GCC_WARN_UNINITIALIZED_AUTOS = YES_AGGRESSIVE;
				GCC_WARN_UNUSED_FUNCTION = YES;
				GCC_WARN_UNUSED_VARIABLE = YES;
				IPHONEOS_DEPLOYMENT_TARGET = 13.0;
				MTL_ENABLE_DEBUG_INFO = NO;
				MTL_FAST_MATH = YES;
				SDKROOT = iphoneos;
				SWIFT_COMPILATION_MODE = wholemodule;
				SWIFT_OPTIMIZATION_LEVEL = "-O";
				VALIDATE_PRODUCT = YES;
				VERSIONING_SYSTEM = "apple-generic";
				VERSION_INFO_PREFIX = "";
			};
			name = Release;
		};
		A41A661729E25E890074A39B /* Debug */ = {
			isa = XCBuildConfiguration;
			buildSettings = {
				CLANG_ENABLE_MODULES = YES;
				CODE_SIGN_STYLE = Automatic;
				CURRENT_PROJECT_VERSION = 1;
				DEFINES_MODULE = YES;
				DEVELOPMENT_TEAM = YZHYS89ZM5;
				DYLIB_COMPATIBILITY_VERSION = 1;
				DYLIB_CURRENT_VERSION = 1;
				DYLIB_INSTALL_NAME_BASE = "@rpath";
				GENERATE_INFOPLIST_FILE = YES;
				INFOPLIST_KEY_NSHumanReadableCopyright = "";
				INSTALL_PATH = "$(LOCAL_LIBRARY_DIR)/Frameworks";
				IPHONEOS_DEPLOYMENT_TARGET = 13.0;
				LD_RUNPATH_SEARCH_PATHS = (
					"$(inherited)",
					"@executable_path/Frameworks",
					"@loader_path/Frameworks",
				);
				MARKETING_VERSION = 1.0;
				PRODUCT_BUNDLE_IDENTIFIER = com.anywithyou.xqueue;
				PRODUCT_NAME = "$(TARGET_NAME:c99extidentifier)";
				SKIP_INSTALL = YES;
				SWIFT_EMIT_LOC_STRINGS = YES;
				SWIFT_OPTIMIZATION_LEVEL = "-Onone";
				SWIFT_VERSION = 5.0;
				TARGETED_DEVICE_FAMILY = "1,2";
			};
			name = Debug;
		};
		A41A661829E25E890074A39B /* Release */ = {
			isa = XCBuildConfiguration;
			buildSettings = {
				CLANG_ENABLE_MODULES = YES;
				CODE_SIGN_STYLE = Automatic;
				CURRENT_PROJECT_VERSION = 1;
				DEFINES_MODULE = YES;
				DEVELOPMENT_TEAM = YZHYS89ZM5;
				DYLIB_COMPATIBILITY_VERSION = 1;
				DYLIB_CURRENT_VERSION = 1;
				DYLIB_INSTALL_NAME_BASE = "@rpath";
				GENERATE_INFOPLIST_FILE = YES;
				INFOPLIST_KEY_NSHumanReadableCopyright = "";
				INSTALL_PATH = "$(LOCAL_LIBRARY_DIR)/Frameworks";
				IPHONEOS_DEPLOYMENT_TARGET = 13.0;
				LD_RUNPATH_SEARCH_PATHS = (
					"$(inherited)",
					"@executable_path/Frameworks",
					"@loader_path/Frameworks",
				);
				MARKETING_VERSION = 1.0;
				PRODUCT_BUNDLE_IDENTIFIER = com.anywithyou.xqueue;
				PRODUCT_NAME = "$(TARGET_NAME:c99extidentifier)";
				SKIP_INSTALL = YES;
				SWIFT_EMIT_LOC_STRINGS = YES;
				SWIFT_VERSION = 5.0;
				TARGETED_DEVICE_FAMILY = "1,2";
			};
			name = Release;
		};
		A41A661A29E25E890074A39B /* Debug */ = {
			isa = XCBuildConfiguration;
			buildSettings = {
				ALWAYS_EMBED_SWIFT_STANDARD_LIBRARIES = YES;
				CODE_SIGN_STYLE = Automatic;
				CURRENT_PROJECT_VERSION = 1;
				DEVELOPMENT_TEAM = YZHYS89ZM5;
				GENERATE_INFOPLIST_FILE = YES;
				MARKETING_VERSION = 1.0;
				PRODUCT_BUNDLE_IDENTIFIER = com.anywithyou.xqueueTests;
				PRODUCT_NAME = "$(TARGET_NAME)";
				SWIFT_EMIT_LOC_STRINGS = NO;
				SWIFT_VERSION = 5.0;
				TARGETED_DEVICE_FAMILY = "1,2";
			};
			name = Debug;
		};
		A41A661B29E25E890074A39B /* Release */ = {
			isa = XCBuildConfiguration;
			buildSettings = {
				ALWAYS_EMBED_SWIFT_STANDARD_LIBRARIES = YES;
				CODE_SIGN_STYLE = Automatic;
				CURRENT_PROJECT_VERSION = 1;
				DEVELOPMENT_TEAM = YZHYS89ZM5;
				GENERATE_INFOPLIST_FILE = YES;
				MARKETING_VERSION = 1.0;
				PRODUCT_BUNDLE_IDENTIFIER = com.anywithyou.xqueueTests;
				PRODUCT_NAME = "$(TARGET_NAME)";
				SWIFT_EMIT_LOC_STRINGS = NO;
				SWIFT_VERSION = 5.0;
				TARGETED_DEVICE_FAMILY = "1,2";
			};
			name = Release;
		};
/* End XCBuildConfiguration section */

/* Begin XCConfigurationList section */
		A41A65FE29E25E880074A39B /* Build configuration list for PBXProject "xqueue" */ = {
			isa = XCConfigurationList;
			buildConfigurations = (
				A41A661429E25E890074A39B /* Debug */,
				A41A661529E25E890074A39B /* Release */,
			);
			defaultConfigurationIsVisible = 0;
			defaultConfigurationName = Release;
		};
		A41A661629E25E890074A39B /* Build configuration list for PBXNativeTarget "xqueue" */ = {
			isa = XCConfigurationList;
			buildConfigurations = (
				A41A661729E25E890074A39B /* Debug */,
				A41A661829E25E890074A39B /* Release */,
			);
			defaultConfigurationIsVisible = 0;
			defaultConfigurationName = Release;
		};
		A41A661929E25E890074A39B /* Build configuration list for PBXNativeTarget "xqueueTests" */ = {
			isa = XCConfigurationList;
			buildConfigurations = (
				A41A661A29E25E890074A39B /* Debug */,
				A41A661B29E25E890074A39B /* Release */,
			);
			defaultConfigurationIsVisible = 0;
			defaultConfigurationName = Release;
		};
/* End XCConfigurationList section */
	};
	rootObject = A41A65FB29E25E880074A39B /* Project object */;
}
